
Microsoft Visual Studio Solution File, Format Version 12.00
# Visual Studio Version 16
VisualStudioVersion = 16.0.31410.357
MinimumVisualStudioVersion = 10.0.40219.1
Project("{FAE04EC0-301F-11D3-BF4B-00C04F79EFBC}") = "Sulmar.EFCore.Models", "Sulmar.EFCore.Models\Sulmar.EFCore.Models.csproj", "{569EB494-F728-4EF5-9B38-AFCCF4D0364E}"
EndProject
Global
	GlobalSection(SolutionConfigurationPlatforms) = preSolution
		Debug|Any CPU = Debug|Any CPU
		Release|Any CPU = Release|Any CPU
	EndGlobalSection
	GlobalSection(ProjectConfigurationPlatforms) = postSolution
		{569EB494-F728-4EF5-9B38-AFCCF4D0364E}.Debug|Any CPU.ActiveCfg = Debug|Any CPU
		{569EB494-F728-4EF5-9B38-AFCCF4D0364E}.Debug|Any CPU.Build.0 = Debug|Any CPU
		{569EB494-F728-4EF5-9B38-AFCCF4D0364E}.Release|Any CPU.ActiveCfg = Release|Any CPU
		{569EB494-F728-4EF5-9B38-AFCCF4D0364E}.Release|Any CPU.Build.0 = Release|Any CPU
	EndGlobalSection
	GlobalSection(SolutionProperties) = preSolution
		HideSolutionNode = FALSE
	EndGlobalSection
	GlobalSection(ExtensibilityGlobals) = postSolution
		SolutionGuid = {525B5E96-2769-4D94-A2CA-4F7E6020A206}
	EndGlobalSection
EndGlobal
