
Microsoft Visual Studio Solution File, Format Version 12.00
# Visual Studio Version 16
VisualStudioVersion = 16.0.31410.357
MinimumVisualStudioVersion = 10.0.40219.1
Project("{9A19103F-16F7-4668-BE54-9A1E7A4F7556}") = "Sulmar.EFCore.Models", "Sulmar.EFCore.Models\Sulmar.EFCore.Models.csproj", "{569EB494-F728-4EF5-9B38-AFCCF4D0364E}"
EndProject
Project("{FAE04EC0-301F-11D3-BF4B-00C04F79EFBC}") = "Vavatech.EFCore.ConsoleClient", "Vavatech.EFCore.ConsoleClient\Vavatech.EFCore.ConsoleClient.csproj", "{CA60B3EE-233C-4500-9EEC-9C9290EE38E6}"
EndProject
Project("{FAE04EC0-301F-11D3-BF4B-00C04F79EFBC}") = "Vavatech.EFCore.IRepositories", "Vavatech.EFCore.IRepositories\Vavatech.EFCore.IRepositories.csproj", "{16A1C2BC-030D-4694-A37E-F4B84A277E8F}"
EndProject
Project("{FAE04EC0-301F-11D3-BF4B-00C04F79EFBC}") = "Vavatech.EFCore.DbRepositories", "Vavatech.EFCore.DbRepositories\Vavatech.EFCore.DbRepositories.csproj", "{750E6A8A-B6BE-4703-970A-3A50A6543F17}"
EndProject
Global
	GlobalSection(SolutionConfigurationPlatforms) = preSolution
		Debug|Any CPU = Debug|Any CPU
		Release|Any CPU = Release|Any CPU
	EndGlobalSection
	GlobalSection(ProjectConfigurationPlatforms) = postSolution
		{569EB494-F728-4EF5-9B38-AFCCF4D0364E}.Debug|Any CPU.ActiveCfg = Debug|Any CPU
		{569EB494-F728-4EF5-9B38-AFCCF4D0364E}.Debug|Any CPU.Build.0 = Debug|Any CPU
		{569EB494-F728-4EF5-9B38-AFCCF4D0364E}.Release|Any CPU.ActiveCfg = Release|Any CPU
		{569EB494-F728-4EF5-9B38-AFCCF4D0364E}.Release|Any CPU.Build.0 = Release|Any CPU
		{CA60B3EE-233C-4500-9EEC-9C9290EE38E6}.Debug|Any CPU.ActiveCfg = Debug|Any CPU
		{CA60B3EE-233C-4500-9EEC-9C9290EE38E6}.Debug|Any CPU.Build.0 = Debug|Any CPU
		{CA60B3EE-233C-4500-9EEC-9C9290EE38E6}.Release|Any CPU.ActiveCfg = Release|Any CPU
		{CA60B3EE-233C-4500-9EEC-9C9290EE38E6}.Release|Any CPU.Build.0 = Release|Any CPU
		{16A1C2BC-030D-4694-A37E-F4B84A277E8F}.Debug|Any CPU.ActiveCfg = Debug|Any CPU
		{16A1C2BC-030D-4694-A37E-F4B84A277E8F}.Debug|Any CPU.Build.0 = Debug|Any CPU
		{16A1C2BC-030D-4694-A37E-F4B84A277E8F}.Release|Any CPU.ActiveCfg = Release|Any CPU
		{16A1C2BC-030D-4694-A37E-F4B84A277E8F}.Release|Any CPU.Build.0 = Release|Any CPU
		{750E6A8A-B6BE-4703-970A-3A50A6543F17}.Debug|Any CPU.ActiveCfg = Debug|Any CPU
		{750E6A8A-B6BE-4703-970A-3A50A6543F17}.Debug|Any CPU.Build.0 = Debug|Any CPU
		{750E6A8A-B6BE-4703-970A-3A50A6543F17}.Release|Any CPU.ActiveCfg = Release|Any CPU
		{750E6A8A-B6BE-4703-970A-3A50A6543F17}.Release|Any CPU.Build.0 = Release|Any CPU
	EndGlobalSection
	GlobalSection(SolutionProperties) = preSolution
		HideSolutionNode = FALSE
	EndGlobalSection
	GlobalSection(ExtensibilityGlobals) = postSolution
		SolutionGuid = {525B5E96-2769-4D94-A2CA-4F7E6020A206}
	EndGlobalSection
EndGlobal
